// !$*UTF8*$!
{
	archiveVersion = 1;
	classes = {
	};
	objectVersion = 50;
	objects = {

/* Begin PBXBuildFile section */
		3D4A7AB821F1DA8600DD80B9 /* AppDelegate.swift in Sources */ = {isa = PBXBuildFile; fileRef = 3D4A7AB721F1DA8600DD80B9 /* AppDelegate.swift */; };
		3D4A7ABF21F1DA8700DD80B9 /* Assets.xcassets in Resources */ = {isa = PBXBuildFile; fileRef = 3D4A7ABE21F1DA8700DD80B9 /* Assets.xcassets */; };
		3D4A7AC221F1DA8700DD80B9 /* LaunchScreen.storyboard in Resources */ = {isa = PBXBuildFile; fileRef = 3D4A7AC021F1DA8700DD80B9 /* LaunchScreen.storyboard */; };
		3D4A7AE621F1DEED00DD80B9 /* CarBookingTests.swift in Sources */ = {isa = PBXBuildFile; fileRef = 3D4A7AE521F1DEED00DD80B9 /* CarBookingTests.swift */; };
		3D4A7AF221F1E58800DD80B9 /* Vehicle.xcdatamodeld in Sources */ = {isa = PBXBuildFile; fileRef = 3D4A7AF021F1E58800DD80B9 /* Vehicle.xcdatamodeld */; };
		3D4A7AF421F1E5C000DD80B9 /* Vehicle+Convenience.swift in Sources */ = {isa = PBXBuildFile; fileRef = 3D4A7AF321F1E5C000DD80B9 /* Vehicle+Convenience.swift */; };
		3D4A7AF621F1E7A300DD80B9 /* CoreDataStack.swift in Sources */ = {isa = PBXBuildFile; fileRef = 3D4A7AF521F1E7A300DD80B9 /* CoreDataStack.swift */; };
		3D4A7AF821F1EDBD00DD80B9 /* Booking+Convenience.swift in Sources */ = {isa = PBXBuildFile; fileRef = 3D4A7AF721F1EDBD00DD80B9 /* Booking+Convenience.swift */; };
		3D4A7AFC21F1F58D00DD80B9 /* NetworkDataLoader.swift in Sources */ = {isa = PBXBuildFile; fileRef = 3D4A7AFB21F1F58D00DD80B9 /* NetworkDataLoader.swift */; };
		3D4A7B0721F202BA00DD80B9 /* VehicleRepresentation.swift in Sources */ = {isa = PBXBuildFile; fileRef = 3D4A7B0621F202BA00DD80B9 /* VehicleRepresentation.swift */; };
		3D4A7B3221F48F5100DD80B9 /* UIColor+Extension.swift in Sources */ = {isa = PBXBuildFile; fileRef = 3D4A7B3121F48F5100DD80B9 /* UIColor+Extension.swift */; };
		3D4A7B3721F4ADC000DD80B9 /* NetworkService.swift in Sources */ = {isa = PBXBuildFile; fileRef = 3D4A7B3621F4ADC000DD80B9 /* NetworkService.swift */; };
		3D4A7B3921F4AE2D00DD80B9 /* VehicleController.swift in Sources */ = {isa = PBXBuildFile; fileRef = 3D4A7B3821F4AE2D00DD80B9 /* VehicleController.swift */; };
		3D4A7B3B21F4B06400DD80B9 /* BookingController.swift in Sources */ = {isa = PBXBuildFile; fileRef = 3D4A7B3A21F4B06400DD80B9 /* BookingController.swift */; };
		3D4A7B4521F5EC7B00DD80B9 /* VehiclesViewController.swift in Sources */ = {isa = PBXBuildFile; fileRef = 3D4A7B4421F5EC7B00DD80B9 /* VehiclesViewController.swift */; };
		3D4A7B4721F5EC9400DD80B9 /* VehicleDetailViewController.swift in Sources */ = {isa = PBXBuildFile; fileRef = 3D4A7B4621F5EC9400DD80B9 /* VehicleDetailViewController.swift */; };
		3D4A7B4921F6181800DD80B9 /* GenericTableViewController.swift in Sources */ = {isa = PBXBuildFile; fileRef = 3D4A7B4821F6181800DD80B9 /* GenericTableViewController.swift */; };
		3D4A7B4B21F61B6F00DD80B9 /* UIView+AutoLayout.swift in Sources */ = {isa = PBXBuildFile; fileRef = 3D4A7B4A21F61B6F00DD80B9 /* UIView+AutoLayout.swift */; };
		3D4A7B4D21F620F300DD80B9 /* UIViewController+Containment.swift in Sources */ = {isa = PBXBuildFile; fileRef = 3D4A7B4C21F620F300DD80B9 /* UIViewController+Containment.swift */; };
		3D4A7B4F21F626F300DD80B9 /* Constants.swift in Sources */ = {isa = PBXBuildFile; fileRef = 3D4A7B4E21F626F300DD80B9 /* Constants.swift */; };
		3D4A7B5121F66E8F00DD80B9 /* UIImage+Extension.swift in Sources */ = {isa = PBXBuildFile; fileRef = 3D4A7B5021F66E8F00DD80B9 /* UIImage+Extension.swift */; };
		3D4A7B5321F720B100DD80B9 /* ProfileView.swift in Sources */ = {isa = PBXBuildFile; fileRef = 3D4A7B5221F720B100DD80B9 /* ProfileView.swift */; };
		3D4A7B5521F74BF900DD80B9 /* PickerInputField.swift in Sources */ = {isa = PBXBuildFile; fileRef = 3D4A7B5421F74BF900DD80B9 /* PickerInputField.swift */; };
		3D4A7B5721F74C6700DD80B9 /* DateInputViewController.swift in Sources */ = {isa = PBXBuildFile; fileRef = 3D4A7B5621F74C6700DD80B9 /* DateInputViewController.swift */; };
		3D4A7B5A21F8735000DD80B9 /* MockDataLoader.swift in Sources */ = {isa = PBXBuildFile; fileRef = 3D4A7B5921F8735000DD80B9 /* MockDataLoader.swift */; };
		3D4A7B5C21F879F400DD80B9 /* BookingRepresentation.swift in Sources */ = {isa = PBXBuildFile; fileRef = 3D4A7B5B21F879F400DD80B9 /* BookingRepresentation.swift */; };
		3D4A7B5E21F896DA00DD80B9 /* Appearance.swift in Sources */ = {isa = PBXBuildFile; fileRef = 3D4A7B5D21F896DA00DD80B9 /* Appearance.swift */; };
		3DB79CF721F899A800904A82 /* BookingViewController.swift in Sources */ = {isa = PBXBuildFile; fileRef = 3DB79CF621F899A800904A82 /* BookingViewController.swift */; };
		3DB79CF921F899C000904A82 /* GenericTableViewCell.swift in Sources */ = {isa = PBXBuildFile; fileRef = 3DB79CF821F899C000904A82 /* GenericTableViewCell.swift */; };
		3DB79CFB21F8B50300904A82 /* Localizable.strings in Resources */ = {isa = PBXBuildFile; fileRef = 3DB79CFA21F8B50300904A82 /* Localizable.strings */; };
		3DB79CFD21F8BA7900904A82 /* TestJSON.swift in Sources */ = {isa = PBXBuildFile; fileRef = 3DB79CFC21F8BA7900904A82 /* TestJSON.swift */; };
		3DB79CFF21F8C70300904A82 /* MockJSON.swift in Sources */ = {isa = PBXBuildFile; fileRef = 3DB79CFE21F8C70300904A82 /* MockJSON.swift */; };
		3DB79D0121F8D55B00904A82 /* LocalNotificationsHelper.swift in Sources */ = {isa = PBXBuildFile; fileRef = 3DB79D0021F8D55B00904A82 /* LocalNotificationsHelper.swift */; };
/* End PBXBuildFile section */

/* Begin PBXContainerItemProxy section */
		3D4A7AE821F1DEED00DD80B9 /* PBXContainerItemProxy */ = {
			isa = PBXContainerItemProxy;
			containerPortal = 3D4A7AAC21F1DA8600DD80B9 /* Project object */;
			proxyType = 1;
			remoteGlobalIDString = 3D4A7AB321F1DA8600DD80B9;
			remoteInfo = CarBooking;
		};
/* End PBXContainerItemProxy section */

/* Begin PBXFileReference section */
		3D4A7AB421F1DA8600DD80B9 /* CarBooking.app */ = {isa = PBXFileReference; explicitFileType = wrapper.application; includeInIndex = 0; path = CarBooking.app; sourceTree = BUILT_PRODUCTS_DIR; };
		3D4A7AB721F1DA8600DD80B9 /* AppDelegate.swift */ = {isa = PBXFileReference; lastKnownFileType = sourcecode.swift; path = AppDelegate.swift; sourceTree = "<group>"; };
		3D4A7ABE21F1DA8700DD80B9 /* Assets.xcassets */ = {isa = PBXFileReference; lastKnownFileType = folder.assetcatalog; path = Assets.xcassets; sourceTree = "<group>"; };
		3D4A7AC121F1DA8700DD80B9 /* Base */ = {isa = PBXFileReference; lastKnownFileType = file.storyboard; name = Base; path = Base.lproj/LaunchScreen.storyboard; sourceTree = "<group>"; };
		3D4A7AC321F1DA8700DD80B9 /* Info.plist */ = {isa = PBXFileReference; lastKnownFileType = text.plist.xml; path = Info.plist; sourceTree = "<group>"; };
		3D4A7AE321F1DEED00DD80B9 /* CarBookingTests.xctest */ = {isa = PBXFileReference; explicitFileType = wrapper.cfbundle; includeInIndex = 0; path = CarBookingTests.xctest; sourceTree = BUILT_PRODUCTS_DIR; };
		3D4A7AE521F1DEED00DD80B9 /* CarBookingTests.swift */ = {isa = PBXFileReference; lastKnownFileType = sourcecode.swift; path = CarBookingTests.swift; sourceTree = "<group>"; };
		3D4A7AE721F1DEED00DD80B9 /* Info.plist */ = {isa = PBXFileReference; lastKnownFileType = text.plist.xml; path = Info.plist; sourceTree = "<group>"; };
		3D4A7AF121F1E58800DD80B9 /* Vehicle.xcdatamodel */ = {isa = PBXFileReference; lastKnownFileType = wrapper.xcdatamodel; path = Vehicle.xcdatamodel; sourceTree = "<group>"; };
		3D4A7AF321F1E5C000DD80B9 /* Vehicle+Convenience.swift */ = {isa = PBXFileReference; lastKnownFileType = sourcecode.swift; path = "Vehicle+Convenience.swift"; sourceTree = "<group>"; };
		3D4A7AF521F1E7A300DD80B9 /* CoreDataStack.swift */ = {isa = PBXFileReference; lastKnownFileType = sourcecode.swift; path = CoreDataStack.swift; sourceTree = "<group>"; };
		3D4A7AF721F1EDBD00DD80B9 /* Booking+Convenience.swift */ = {isa = PBXFileReference; lastKnownFileType = sourcecode.swift; path = "Booking+Convenience.swift"; sourceTree = "<group>"; };
		3D4A7AFB21F1F58D00DD80B9 /* NetworkDataLoader.swift */ = {isa = PBXFileReference; lastKnownFileType = sourcecode.swift; path = NetworkDataLoader.swift; sourceTree = "<group>"; };
		3D4A7B0621F202BA00DD80B9 /* VehicleRepresentation.swift */ = {isa = PBXFileReference; lastKnownFileType = sourcecode.swift; path = VehicleRepresentation.swift; sourceTree = "<group>"; };
		3D4A7B3121F48F5100DD80B9 /* UIColor+Extension.swift */ = {isa = PBXFileReference; lastKnownFileType = sourcecode.swift; path = "UIColor+Extension.swift"; sourceTree = "<group>"; };
		3D4A7B3621F4ADC000DD80B9 /* NetworkService.swift */ = {isa = PBXFileReference; lastKnownFileType = sourcecode.swift; path = NetworkService.swift; sourceTree = "<group>"; };
		3D4A7B3821F4AE2D00DD80B9 /* VehicleController.swift */ = {isa = PBXFileReference; lastKnownFileType = sourcecode.swift; path = VehicleController.swift; sourceTree = "<group>"; };
		3D4A7B3A21F4B06400DD80B9 /* BookingController.swift */ = {isa = PBXFileReference; lastKnownFileType = sourcecode.swift; path = BookingController.swift; sourceTree = "<group>"; };
		3D4A7B4421F5EC7B00DD80B9 /* VehiclesViewController.swift */ = {isa = PBXFileReference; lastKnownFileType = sourcecode.swift; path = VehiclesViewController.swift; sourceTree = "<group>"; };
		3D4A7B4621F5EC9400DD80B9 /* VehicleDetailViewController.swift */ = {isa = PBXFileReference; lastKnownFileType = sourcecode.swift; path = VehicleDetailViewController.swift; sourceTree = "<group>"; };
		3D4A7B4821F6181800DD80B9 /* GenericTableViewController.swift */ = {isa = PBXFileReference; lastKnownFileType = sourcecode.swift; path = GenericTableViewController.swift; sourceTree = "<group>"; };
		3D4A7B4A21F61B6F00DD80B9 /* UIView+AutoLayout.swift */ = {isa = PBXFileReference; lastKnownFileType = sourcecode.swift; path = "UIView+AutoLayout.swift"; sourceTree = "<group>"; };
		3D4A7B4C21F620F300DD80B9 /* UIViewController+Containment.swift */ = {isa = PBXFileReference; lastKnownFileType = sourcecode.swift; path = "UIViewController+Containment.swift"; sourceTree = "<group>"; };
		3D4A7B4E21F626F300DD80B9 /* Constants.swift */ = {isa = PBXFileReference; lastKnownFileType = sourcecode.swift; path = Constants.swift; sourceTree = "<group>"; };
		3D4A7B5021F66E8F00DD80B9 /* UIImage+Extension.swift */ = {isa = PBXFileReference; lastKnownFileType = sourcecode.swift; path = "UIImage+Extension.swift"; sourceTree = "<group>"; };
		3D4A7B5221F720B100DD80B9 /* ProfileView.swift */ = {isa = PBXFileReference; lastKnownFileType = sourcecode.swift; path = ProfileView.swift; sourceTree = "<group>"; };
		3D4A7B5421F74BF900DD80B9 /* PickerInputField.swift */ = {isa = PBXFileReference; lastKnownFileType = sourcecode.swift; path = PickerInputField.swift; sourceTree = "<group>"; };
		3D4A7B5621F74C6700DD80B9 /* DateInputViewController.swift */ = {isa = PBXFileReference; lastKnownFileType = sourcecode.swift; path = DateInputViewController.swift; sourceTree = "<group>"; };
		3D4A7B5921F8735000DD80B9 /* MockDataLoader.swift */ = {isa = PBXFileReference; lastKnownFileType = sourcecode.swift; path = MockDataLoader.swift; sourceTree = "<group>"; };
		3D4A7B5B21F879F400DD80B9 /* BookingRepresentation.swift */ = {isa = PBXFileReference; lastKnownFileType = sourcecode.swift; path = BookingRepresentation.swift; sourceTree = "<group>"; };
		3D4A7B5D21F896DA00DD80B9 /* Appearance.swift */ = {isa = PBXFileReference; lastKnownFileType = sourcecode.swift; path = Appearance.swift; sourceTree = "<group>"; };
		3DB79CF621F899A800904A82 /* BookingViewController.swift */ = {isa = PBXFileReference; lastKnownFileType = sourcecode.swift; path = BookingViewController.swift; sourceTree = "<group>"; };
		3DB79CF821F899C000904A82 /* GenericTableViewCell.swift */ = {isa = PBXFileReference; lastKnownFileType = sourcecode.swift; path = GenericTableViewCell.swift; sourceTree = "<group>"; };
		3DB79CFA21F8B50300904A82 /* Localizable.strings */ = {isa = PBXFileReference; lastKnownFileType = text.plist.strings; path = Localizable.strings; sourceTree = "<group>"; };
		3DB79CFC21F8BA7900904A82 /* TestJSON.swift */ = {isa = PBXFileReference; lastKnownFileType = sourcecode.swift; path = TestJSON.swift; sourceTree = "<group>"; };
		3DB79CFE21F8C70300904A82 /* MockJSON.swift */ = {isa = PBXFileReference; lastKnownFileType = sourcecode.swift; path = MockJSON.swift; sourceTree = "<group>"; };
		3DB79D0021F8D55B00904A82 /* LocalNotificationsHelper.swift */ = {isa = PBXFileReference; lastKnownFileType = sourcecode.swift; path = LocalNotificationsHelper.swift; sourceTree = "<group>"; };
/* End PBXFileReference section */

/* Begin PBXFrameworksBuildPhase section */
		3D4A7AB121F1DA8600DD80B9 /* Frameworks */ = {
			isa = PBXFrameworksBuildPhase;
			buildActionMask = 2147483647;
			files = (
			);
			runOnlyForDeploymentPostprocessing = 0;
		};
		3D4A7AE021F1DEED00DD80B9 /* Frameworks */ = {
			isa = PBXFrameworksBuildPhase;
			buildActionMask = 2147483647;
			files = (
			);
			runOnlyForDeploymentPostprocessing = 0;
		};
/* End PBXFrameworksBuildPhase section */

/* Begin PBXGroup section */
		3D4A7AAB21F1DA8600DD80B9 = {
			isa = PBXGroup;
			children = (
				3D4A7AB621F1DA8600DD80B9 /* CarBooking */,
				3D4A7AE421F1DEED00DD80B9 /* CarBookingTests */,
				3D4A7AB521F1DA8600DD80B9 /* Products */,
			);
			sourceTree = "<group>";
		};
		3D4A7AB521F1DA8600DD80B9 /* Products */ = {
			isa = PBXGroup;
			children = (
				3D4A7AB421F1DA8600DD80B9 /* CarBooking.app */,
				3D4A7AE321F1DEED00DD80B9 /* CarBookingTests.xctest */,
			);
			name = Products;
			sourceTree = "<group>";
		};
		3D4A7AB621F1DA8600DD80B9 /* CarBooking */ = {
			isa = PBXGroup;
			children = (
				3D4A7AEF21F1E4E100DD80B9 /* Service */,
				3D4A7AED21F1E29100DD80B9 /* Model */,
				3D4A7AEE21F1E29C00DD80B9 /* View */,
				3D4A7ACB21F1DCDE00DD80B9 /* Controller */,
				3D4A7B3021F48F2100DD80B9 /* Utils */,
				3D4A7AC921F1DC0C00DD80B9 /* Resources */,
			);
			path = CarBooking;
			sourceTree = "<group>";
		};
		3D4A7AC921F1DC0C00DD80B9 /* Resources */ = {
			isa = PBXGroup;
			children = (
				3D4A7AB721F1DA8600DD80B9 /* AppDelegate.swift */,
				3D4A7ABE21F1DA8700DD80B9 /* Assets.xcassets */,
				3D4A7AC021F1DA8700DD80B9 /* LaunchScreen.storyboard */,
				3D4A7AC321F1DA8700DD80B9 /* Info.plist */,
				3DB79CFA21F8B50300904A82 /* Localizable.strings */,
				3DB79CFE21F8C70300904A82 /* MockJSON.swift */,
			);
			path = Resources;
			sourceTree = "<group>";
		};
		3D4A7ACB21F1DCDE00DD80B9 /* Controller */ = {
			isa = PBXGroup;
			children = (
				3D4A7AF921F1F4DD00DD80B9 /* Vehicles */,
				3D4A7AFA21F1F4EC00DD80B9 /* Bookings */,
				3D4A7B3C21F4D4DC00DD80B9 /* Shared */,
			);
			path = Controller;
			sourceTree = "<group>";
		};
		3D4A7AE421F1DEED00DD80B9 /* CarBookingTests */ = {
			isa = PBXGroup;
			children = (
				3D4A7AE521F1DEED00DD80B9 /* CarBookingTests.swift */,
				3D4A7AE721F1DEED00DD80B9 /* Info.plist */,
				3DB79CFC21F8BA7900904A82 /* TestJSON.swift */,
			);
			path = CarBookingTests;
			sourceTree = "<group>";
		};
		3D4A7AED21F1E29100DD80B9 /* Model */ = {
			isa = PBXGroup;
			children = (
				3D4A7AF521F1E7A300DD80B9 /* CoreDataStack.swift */,
				3D4A7AF021F1E58800DD80B9 /* Vehicle.xcdatamodeld */,
				3D4A7B0621F202BA00DD80B9 /* VehicleRepresentation.swift */,
				3D4A7AF321F1E5C000DD80B9 /* Vehicle+Convenience.swift */,
				3D4A7B5B21F879F400DD80B9 /* BookingRepresentation.swift */,
				3D4A7AF721F1EDBD00DD80B9 /* Booking+Convenience.swift */,
			);
			path = Model;
			sourceTree = "<group>";
		};
		3D4A7AEE21F1E29C00DD80B9 /* View */ = {
			isa = PBXGroup;
			children = (
				3D4A7B5221F720B100DD80B9 /* ProfileView.swift */,
				3D4A7B5421F74BF900DD80B9 /* PickerInputField.swift */,
				3DB79CF821F899C000904A82 /* GenericTableViewCell.swift */,
			);
			path = View;
			sourceTree = "<group>";
		};
		3D4A7AEF21F1E4E100DD80B9 /* Service */ = {
			isa = PBXGroup;
			children = (
				3D4A7B3A21F4B06400DD80B9 /* BookingController.swift */,
				3D4A7B3821F4AE2D00DD80B9 /* VehicleController.swift */,
				3D4A7B3621F4ADC000DD80B9 /* NetworkService.swift */,
				3D4A7AFB21F1F58D00DD80B9 /* NetworkDataLoader.swift */,
				3D4A7B5921F8735000DD80B9 /* MockDataLoader.swift */,
			);
			path = Service;
			sourceTree = "<group>";
		};
		3D4A7AF921F1F4DD00DD80B9 /* Vehicles */ = {
			isa = PBXGroup;
			children = (
				3D4A7B4421F5EC7B00DD80B9 /* VehiclesViewController.swift */,
				3D4A7B4621F5EC9400DD80B9 /* VehicleDetailViewController.swift */,
			);
			path = Vehicles;
			sourceTree = "<group>";
		};
		3D4A7AFA21F1F4EC00DD80B9 /* Bookings */ = {
			isa = PBXGroup;
			children = (
				3DB79CF621F899A800904A82 /* BookingViewController.swift */,
			);
			path = Bookings;
			sourceTree = "<group>";
		};
		3D4A7B3021F48F2100DD80B9 /* Utils */ = {
			isa = PBXGroup;
			children = (
				3D4A7B4E21F626F300DD80B9 /* Constants.swift */,
				3D4A7B5D21F896DA00DD80B9 /* Appearance.swift */,
				3DB79D0021F8D55B00904A82 /* LocalNotificationsHelper.swift */,
				3D4A7B4A21F61B6F00DD80B9 /* UIView+AutoLayout.swift */,
				3D4A7B5021F66E8F00DD80B9 /* UIImage+Extension.swift */,
				3D4A7B3121F48F5100DD80B9 /* UIColor+Extension.swift */,
				3D4A7B4C21F620F300DD80B9 /* UIViewController+Containment.swift */,
			);
			path = Utils;
			sourceTree = "<group>";
		};
		3D4A7B3C21F4D4DC00DD80B9 /* Shared */ = {
			isa = PBXGroup;
			children = (
				3D4A7B4821F6181800DD80B9 /* GenericTableViewController.swift */,
				3D4A7B5621F74C6700DD80B9 /* DateInputViewController.swift */,
			);
			path = Shared;
			sourceTree = "<group>";
		};
/* End PBXGroup section */

/* Begin PBXNativeTarget section */
		3D4A7AB321F1DA8600DD80B9 /* CarBooking */ = {
			isa = PBXNativeTarget;
			buildConfigurationList = 3D4A7AC621F1DA8700DD80B9 /* Build configuration list for PBXNativeTarget "CarBooking" */;
			buildPhases = (
				3D4A7AB021F1DA8600DD80B9 /* Sources */,
				3D4A7AB121F1DA8600DD80B9 /* Frameworks */,
				3D4A7AB221F1DA8600DD80B9 /* Resources */,
			);
			buildRules = (
			);
			dependencies = (
			);
			name = CarBooking;
			productName = CarBooking;
			productReference = 3D4A7AB421F1DA8600DD80B9 /* CarBooking.app */;
			productType = "com.apple.product-type.application";
		};
		3D4A7AE221F1DEED00DD80B9 /* CarBookingTests */ = {
			isa = PBXNativeTarget;
			buildConfigurationList = 3D4A7AEA21F1DEED00DD80B9 /* Build configuration list for PBXNativeTarget "CarBookingTests" */;
			buildPhases = (
				3D4A7ADF21F1DEED00DD80B9 /* Sources */,
				3D4A7AE021F1DEED00DD80B9 /* Frameworks */,
				3D4A7AE121F1DEED00DD80B9 /* Resources */,
			);
			buildRules = (
			);
			dependencies = (
				3D4A7AE921F1DEED00DD80B9 /* PBXTargetDependency */,
			);
			name = CarBookingTests;
			productName = CarBookingTests;
			productReference = 3D4A7AE321F1DEED00DD80B9 /* CarBookingTests.xctest */;
			productType = "com.apple.product-type.bundle.unit-test";
		};
/* End PBXNativeTarget section */

/* Begin PBXProject section */
		3D4A7AAC21F1DA8600DD80B9 /* Project object */ = {
			isa = PBXProject;
			attributes = {
				LastSwiftUpdateCheck = 1010;
				LastUpgradeCheck = 1010;
				ORGANIZATIONNAME = "De MicheliStefano";
				TargetAttributes = {
					3D4A7AB321F1DA8600DD80B9 = {
						CreatedOnToolsVersion = 10.1;
					};
					3D4A7AE221F1DEED00DD80B9 = {
						CreatedOnToolsVersion = 10.1;
						TestTargetID = 3D4A7AB321F1DA8600DD80B9;
					};
				};
			};
			buildConfigurationList = 3D4A7AAF21F1DA8600DD80B9 /* Build configuration list for PBXProject "CarBooking" */;
			compatibilityVersion = "Xcode 9.3";
			developmentRegion = en;
			hasScannedForEncodings = 0;
			knownRegions = (
				en,
				Base,
			);
			mainGroup = 3D4A7AAB21F1DA8600DD80B9;
			productRefGroup = 3D4A7AB521F1DA8600DD80B9 /* Products */;
			projectDirPath = "";
			projectRoot = "";
			targets = (
				3D4A7AB321F1DA8600DD80B9 /* CarBooking */,
				3D4A7AE221F1DEED00DD80B9 /* CarBookingTests */,
			);
		};
/* End PBXProject section */

/* Begin PBXResourcesBuildPhase section */
		3D4A7AB221F1DA8600DD80B9 /* Resources */ = {
			isa = PBXResourcesBuildPhase;
			buildActionMask = 2147483647;
			files = (
				3D4A7AC221F1DA8700DD80B9 /* LaunchScreen.storyboard in Resources */,
				3DB79CFB21F8B50300904A82 /* Localizable.strings in Resources */,
				3D4A7ABF21F1DA8700DD80B9 /* Assets.xcassets in Resources */,
			);
			runOnlyForDeploymentPostprocessing = 0;
		};
		3D4A7AE121F1DEED00DD80B9 /* Resources */ = {
			isa = PBXResourcesBuildPhase;
			buildActionMask = 2147483647;
			files = (
			);
			runOnlyForDeploymentPostprocessing = 0;
		};
/* End PBXResourcesBuildPhase section */

/* Begin PBXSourcesBuildPhase section */
		3D4A7AB021F1DA8600DD80B9 /* Sources */ = {
			isa = PBXSourcesBuildPhase;
			buildActionMask = 2147483647;
			files = (
				3D4A7B3721F4ADC000DD80B9 /* NetworkService.swift in Sources */,
				3D4A7B4F21F626F300DD80B9 /* Constants.swift in Sources */,
				3D4A7B3B21F4B06400DD80B9 /* BookingController.swift in Sources */,
				3D4A7B4921F6181800DD80B9 /* GenericTableViewController.swift in Sources */,
				3D4A7B5A21F8735000DD80B9 /* MockDataLoader.swift in Sources */,
				3D4A7B4721F5EC9400DD80B9 /* VehicleDetailViewController.swift in Sources */,
				3D4A7AF421F1E5C000DD80B9 /* Vehicle+Convenience.swift in Sources */,
				3D4A7AF221F1E58800DD80B9 /* Vehicle.xcdatamodeld in Sources */,
				3DB79CF921F899C000904A82 /* GenericTableViewCell.swift in Sources */,
				3D4A7B5521F74BF900DD80B9 /* PickerInputField.swift in Sources */,
				3D4A7B0721F202BA00DD80B9 /* VehicleRepresentation.swift in Sources */,
				3D4A7AB821F1DA8600DD80B9 /* AppDelegate.swift in Sources */,
				3D4A7B3921F4AE2D00DD80B9 /* VehicleController.swift in Sources */,
				3D4A7B4D21F620F300DD80B9 /* UIViewController+Containment.swift in Sources */,
				3DB79CF721F899A800904A82 /* BookingViewController.swift in Sources */,
				3DB79CFF21F8C70300904A82 /* MockJSON.swift in Sources */,
				3D4A7AF821F1EDBD00DD80B9 /* Booking+Convenience.swift in Sources */,
				3D4A7B5121F66E8F00DD80B9 /* UIImage+Extension.swift in Sources */,
				3D4A7B5C21F879F400DD80B9 /* BookingRepresentation.swift in Sources */,
				3D4A7B4B21F61B6F00DD80B9 /* UIView+AutoLayout.swift in Sources */,
				3D4A7AF621F1E7A300DD80B9 /* CoreDataStack.swift in Sources */,
				3D4A7AFC21F1F58D00DD80B9 /* NetworkDataLoader.swift in Sources */,
				3D4A7B5E21F896DA00DD80B9 /* Appearance.swift in Sources */,
				3D4A7B5321F720B100DD80B9 /* ProfileView.swift in Sources */,
				3D4A7B4521F5EC7B00DD80B9 /* VehiclesViewController.swift in Sources */,
				3D4A7B5721F74C6700DD80B9 /* DateInputViewController.swift in Sources */,
				3DB79D0121F8D55B00904A82 /* LocalNotificationsHelper.swift in Sources */,
				3D4A7B3221F48F5100DD80B9 /* UIColor+Extension.swift in Sources */,
			);
			runOnlyForDeploymentPostprocessing = 0;
		};
		3D4A7ADF21F1DEED00DD80B9 /* Sources */ = {
			isa = PBXSourcesBuildPhase;
			buildActionMask = 2147483647;
			files = (
				3D4A7AE621F1DEED00DD80B9 /* CarBookingTests.swift in Sources */,
				3DB79CFD21F8BA7900904A82 /* TestJSON.swift in Sources */,
			);
			runOnlyForDeploymentPostprocessing = 0;
		};
/* End PBXSourcesBuildPhase section */

/* Begin PBXTargetDependency section */
		3D4A7AE921F1DEED00DD80B9 /* PBXTargetDependency */ = {
			isa = PBXTargetDependency;
			target = 3D4A7AB321F1DA8600DD80B9 /* CarBooking */;
			targetProxy = 3D4A7AE821F1DEED00DD80B9 /* PBXContainerItemProxy */;
		};
/* End PBXTargetDependency section */

/* Begin PBXVariantGroup section */
		3D4A7AC021F1DA8700DD80B9 /* LaunchScreen.storyboard */ = {
			isa = PBXVariantGroup;
			children = (
				3D4A7AC121F1DA8700DD80B9 /* Base */,
			);
			name = LaunchScreen.storyboard;
			sourceTree = "<group>";
		};
/* End PBXVariantGroup section */

/* Begin XCBuildConfiguration section */
		3D4A7AC421F1DA8700DD80B9 /* Debug */ = {
			isa = XCBuildConfiguration;
			buildSettings = {
				ALWAYS_SEARCH_USER_PATHS = NO;
				CLANG_ANALYZER_NONNULL = YES;
				CLANG_ANALYZER_NUMBER_OBJECT_CONVERSION = YES_AGGRESSIVE;
				CLANG_CXX_LANGUAGE_STANDARD = "gnu++14";
				CLANG_CXX_LIBRARY = "libc++";
				CLANG_ENABLE_MODULES = YES;
				CLANG_ENABLE_OBJC_ARC = YES;
				CLANG_ENABLE_OBJC_WEAK = YES;
				CLANG_WARN_BLOCK_CAPTURE_AUTORELEASING = YES;
				CLANG_WARN_BOOL_CONVERSION = YES;
				CLANG_WARN_COMMA = YES;
				CLANG_WARN_CONSTANT_CONVERSION = YES;
				CLANG_WARN_DEPRECATED_OBJC_IMPLEMENTATIONS = YES;
				CLANG_WARN_DIRECT_OBJC_ISA_USAGE = YES_ERROR;
				CLANG_WARN_DOCUMENTATION_COMMENTS = YES;
				CLANG_WARN_EMPTY_BODY = YES;
				CLANG_WARN_ENUM_CONVERSION = YES;
				CLANG_WARN_INFINITE_RECURSION = YES;
				CLANG_WARN_INT_CONVERSION = YES;
				CLANG_WARN_NON_LITERAL_NULL_CONVERSION = YES;
				CLANG_WARN_OBJC_IMPLICIT_RETAIN_SELF = YES;
				CLANG_WARN_OBJC_LITERAL_CONVERSION = YES;
				CLANG_WARN_OBJC_ROOT_CLASS = YES_ERROR;
				CLANG_WARN_RANGE_LOOP_ANALYSIS = YES;
				CLANG_WARN_STRICT_PROTOTYPES = YES;
				CLANG_WARN_SUSPICIOUS_MOVE = YES;
				CLANG_WARN_UNGUARDED_AVAILABILITY = YES_AGGRESSIVE;
				CLANG_WARN_UNREACHABLE_CODE = YES;
				CLANG_WARN__DUPLICATE_METHOD_MATCH = YES;
				CODE_SIGN_IDENTITY = "iPhone Developer";
				COPY_PHASE_STRIP = NO;
				DEBUG_INFORMATION_FORMAT = dwarf;
				ENABLE_STRICT_OBJC_MSGSEND = YES;
				ENABLE_TESTABILITY = YES;
				GCC_C_LANGUAGE_STANDARD = gnu11;
				GCC_DYNAMIC_NO_PIC = NO;
				GCC_NO_COMMON_BLOCKS = YES;
				GCC_OPTIMIZATION_LEVEL = 0;
				GCC_PREPROCESSOR_DEFINITIONS = (
					"DEBUG=1",
					"$(inherited)",
				);
				GCC_WARN_64_TO_32_BIT_CONVERSION = YES;
				GCC_WARN_ABOUT_RETURN_TYPE = YES_ERROR;
				GCC_WARN_UNDECLARED_SELECTOR = YES;
				GCC_WARN_UNINITIALIZED_AUTOS = YES_AGGRESSIVE;
				GCC_WARN_UNUSED_FUNCTION = YES;
				GCC_WARN_UNUSED_VARIABLE = YES;
				IPHONEOS_DEPLOYMENT_TARGET = 10.0;
				MTL_ENABLE_DEBUG_INFO = INCLUDE_SOURCE;
				MTL_FAST_MATH = YES;
				ONLY_ACTIVE_ARCH = YES;
				SDKROOT = iphoneos;
				SWIFT_ACTIVE_COMPILATION_CONDITIONS = DEBUG;
				SWIFT_OPTIMIZATION_LEVEL = "-Onone";
			};
			name = Debug;
		};
		3D4A7AC521F1DA8700DD80B9 /* Release */ = {
			isa = XCBuildConfiguration;
			buildSettings = {
				ALWAYS_SEARCH_USER_PATHS = NO;
				CLANG_ANALYZER_NONNULL = YES;
				CLANG_ANALYZER_NUMBER_OBJECT_CONVERSION = YES_AGGRESSIVE;
				CLANG_CXX_LANGUAGE_STANDARD = "gnu++14";
				CLANG_CXX_LIBRARY = "libc++";
				CLANG_ENABLE_MODULES = YES;
				CLANG_ENABLE_OBJC_ARC = YES;
				CLANG_ENABLE_OBJC_WEAK = YES;
				CLANG_WARN_BLOCK_CAPTURE_AUTORELEASING = YES;
				CLANG_WARN_BOOL_CONVERSION = YES;
				CLANG_WARN_COMMA = YES;
				CLANG_WARN_CONSTANT_CONVERSION = YES;
				CLANG_WARN_DEPRECATED_OBJC_IMPLEMENTATIONS = YES;
				CLANG_WARN_DIRECT_OBJC_ISA_USAGE = YES_ERROR;
				CLANG_WARN_DOCUMENTATION_COMMENTS = YES;
				CLANG_WARN_EMPTY_BODY = YES;
				CLANG_WARN_ENUM_CONVERSION = YES;
				CLANG_WARN_INFINITE_RECURSION = YES;
				CLANG_WARN_INT_CONVERSION = YES;
				CLANG_WARN_NON_LITERAL_NULL_CONVERSION = YES;
				CLANG_WARN_OBJC_IMPLICIT_RETAIN_SELF = YES;
				CLANG_WARN_OBJC_LITERAL_CONVERSION = YES;
				CLANG_WARN_OBJC_ROOT_CLASS = YES_ERROR;
				CLANG_WARN_RANGE_LOOP_ANALYSIS = YES;
				CLANG_WARN_STRICT_PROTOTYPES = YES;
				CLANG_WARN_SUSPICIOUS_MOVE = YES;
				CLANG_WARN_UNGUARDED_AVAILABILITY = YES_AGGRESSIVE;
				CLANG_WARN_UNREACHABLE_CODE = YES;
				CLANG_WARN__DUPLICATE_METHOD_MATCH = YES;
				CODE_SIGN_IDENTITY = "iPhone Developer";
				COPY_PHASE_STRIP = NO;
				DEBUG_INFORMATION_FORMAT = "dwarf-with-dsym";
				ENABLE_NS_ASSERTIONS = NO;
				ENABLE_STRICT_OBJC_MSGSEND = YES;
				GCC_C_LANGUAGE_STANDARD = gnu11;
				GCC_NO_COMMON_BLOCKS = YES;
				GCC_WARN_64_TO_32_BIT_CONVERSION = YES;
				GCC_WARN_ABOUT_RETURN_TYPE = YES_ERROR;
				GCC_WARN_UNDECLARED_SELECTOR = YES;
				GCC_WARN_UNINITIALIZED_AUTOS = YES_AGGRESSIVE;
				GCC_WARN_UNUSED_FUNCTION = YES;
				GCC_WARN_UNUSED_VARIABLE = YES;
				IPHONEOS_DEPLOYMENT_TARGET = 10.0;
				MTL_ENABLE_DEBUG_INFO = NO;
				MTL_FAST_MATH = YES;
				SDKROOT = iphoneos;
				SWIFT_COMPILATION_MODE = wholemodule;
				SWIFT_OPTIMIZATION_LEVEL = "-O";
				VALIDATE_PRODUCT = YES;
			};
			name = Release;
		};
		3D4A7AC721F1DA8700DD80B9 /* Debug */ = {
			isa = XCBuildConfiguration;
			buildSettings = {
				ASSETCATALOG_COMPILER_APPICON_NAME = AppIcon;
				CODE_SIGN_STYLE = Automatic;
				DEVELOPMENT_TEAM = 84BULQXU2Q;
				INFOPLIST_FILE = "$(SRCROOT)/CarBooking/Resources/Info.plist";
				IPHONEOS_DEPLOYMENT_TARGET = 10.0;
				LD_RUNPATH_SEARCH_PATHS = (
					"$(inherited)",
					"@executable_path/Frameworks",
				);
				PRODUCT_BUNDLE_IDENTIFIER = com.stefano.CarBooking;
				PRODUCT_NAME = "$(TARGET_NAME)";
				SWIFT_VERSION = 4.2;
				TARGETED_DEVICE_FAMILY = "1,2";
			};
			name = Debug;
		};
		3D4A7AC821F1DA8700DD80B9 /* Release */ = {
			isa = XCBuildConfiguration;
			buildSettings = {
				ASSETCATALOG_COMPILER_APPICON_NAME = AppIcon;
				CODE_SIGN_STYLE = Automatic;
				DEVELOPMENT_TEAM = 84BULQXU2Q;
				INFOPLIST_FILE = "$(SRCROOT)/CarBooking/Resources/Info.plist";
				IPHONEOS_DEPLOYMENT_TARGET = 10.0;
				LD_RUNPATH_SEARCH_PATHS = (
					"$(inherited)",
					"@executable_path/Frameworks",
				);
				PRODUCT_BUNDLE_IDENTIFIER = com.stefano.CarBooking;
				PRODUCT_NAME = "$(TARGET_NAME)";
				SWIFT_VERSION = 4.2;
				TARGETED_DEVICE_FAMILY = "1,2";
			};
			name = Release;
		};
		3D4A7AEB21F1DEED00DD80B9 /* Debug */ = {
			isa = XCBuildConfiguration;
			buildSettings = {
				BUNDLE_LOADER = "$(TEST_HOST)";
				CODE_SIGN_STYLE = Automatic;
				DEVELOPMENT_TEAM = 84BULQXU2Q;
				INFOPLIST_FILE = CarBookingTests/Info.plist;
				IPHONEOS_DEPLOYMENT_TARGET = 12.1;
				LD_RUNPATH_SEARCH_PATHS = (
					"$(inherited)",
					"@executable_path/Frameworks",
					"@loader_path/Frameworks",
				);
				PRODUCT_BUNDLE_IDENTIFIER = com.stefano.CarBookingTests;
				PRODUCT_NAME = "$(TARGET_NAME)";
				SWIFT_VERSION = 4.2;
				TARGETED_DEVICE_FAMILY = "1,2";
				TEST_HOST = "$(BUILT_PRODUCTS_DIR)/CarBooking.app/CarBooking";
			};
			name = Debug;
		};
		3D4A7AEC21F1DEED00DD80B9 /* Release */ = {
			isa = XCBuildConfiguration;
			buildSettings = {
				BUNDLE_LOADER = "$(TEST_HOST)";
				CODE_SIGN_STYLE = Automatic;
				DEVELOPMENT_TEAM = 84BULQXU2Q;
				INFOPLIST_FILE = CarBookingTests/Info.plist;
				IPHONEOS_DEPLOYMENT_TARGET = 12.1;
				LD_RUNPATH_SEARCH_PATHS = (
					"$(inherited)",
					"@executable_path/Frameworks",
					"@loader_path/Frameworks",
				);
				PRODUCT_BUNDLE_IDENTIFIER = com.stefano.CarBookingTests;
				PRODUCT_NAME = "$(TARGET_NAME)";
				SWIFT_VERSION = 4.2;
				TARGETED_DEVICE_FAMILY = "1,2";
				TEST_HOST = "$(BUILT_PRODUCTS_DIR)/CarBooking.app/CarBooking";
			};
			name = Release;
		};
/* End XCBuildConfiguration section */

/* Begin XCConfigurationList section */
		3D4A7AAF21F1DA8600DD80B9 /* Build configuration list for PBXProject "CarBooking" */ = {
			isa = XCConfigurationList;
			buildConfigurations = (
				3D4A7AC421F1DA8700DD80B9 /* Debug */,
				3D4A7AC521F1DA8700DD80B9 /* Release */,
			);
			defaultConfigurationIsVisible = 0;
			defaultConfigurationName = Release;
		};
		3D4A7AC621F1DA8700DD80B9 /* Build configuration list for PBXNativeTarget "CarBooking" */ = {
			isa = XCConfigurationList;
			buildConfigurations = (
				3D4A7AC721F1DA8700DD80B9 /* Debug */,
				3D4A7AC821F1DA8700DD80B9 /* Release */,
			);
			defaultConfigurationIsVisible = 0;
			defaultConfigurationName = Release;
		};
		3D4A7AEA21F1DEED00DD80B9 /* Build configuration list for PBXNativeTarget "CarBookingTests" */ = {
			isa = XCConfigurationList;
			buildConfigurations = (
				3D4A7AEB21F1DEED00DD80B9 /* Debug */,
				3D4A7AEC21F1DEED00DD80B9 /* Release */,
			);
			defaultConfigurationIsVisible = 0;
			defaultConfigurationName = Release;
		};
/* End XCConfigurationList section */

/* Begin XCVersionGroup section */
		3D4A7AF021F1E58800DD80B9 /* Vehicle.xcdatamodeld */ = {
			isa = XCVersionGroup;
			children = (
				3D4A7AF121F1E58800DD80B9 /* Vehicle.xcdatamodel */,
			);
			currentVersion = 3D4A7AF121F1E58800DD80B9 /* Vehicle.xcdatamodel */;
			path = Vehicle.xcdatamodeld;
			sourceTree = "<group>";
			versionGroupType = wrapper.xcdatamodel;
		};
/* End XCVersionGroup section */
	};
	rootObject = 3D4A7AAC21F1DA8600DD80B9 /* Project object */;
}
